
Microsoft Visual Studio Solution File, Format Version 12.00
# Visual Studio Version 16
VisualStudioVersion = 16.0.30907.101
MinimumVisualStudioVersion = 10.0.40219.1
Project("{9A19103F-16F7-4668-BE54-9A1E7A4F7556}") = "ChatApp", "ChatApp\ChatApp.csproj", "{A5AB7D26-F057-443B-857B-C8EC538CE5C4}"
EndProject
Project("{9A19103F-16F7-4668-BE54-9A1E7A4F7556}") = "Entities", "Entities\Entities.csproj", "{8AE6E35A-A0D3-4F29-BEB2-0A860A50CDEF}"
EndProject
Project("{FAE04EC0-301F-11D3-BF4B-00C04F79EFBC}") = "Orchestration", "Orchestration\Orchestration.csproj", "{6C746946-3318-4632-ABA1-066EE182E7EA}"
EndProject
Global
	GlobalSection(SolutionConfigurationPlatforms) = preSolution
		Debug|Any CPU = Debug|Any CPU
		Release|Any CPU = Release|Any CPU
	EndGlobalSection
	GlobalSection(ProjectConfigurationPlatforms) = postSolution
		{A5AB7D26-F057-443B-857B-C8EC538CE5C4}.Debug|Any CPU.ActiveCfg = Debug|Any CPU
		{A5AB7D26-F057-443B-857B-C8EC538CE5C4}.Debug|Any CPU.Build.0 = Debug|Any CPU
		{A5AB7D26-F057-443B-857B-C8EC538CE5C4}.Release|Any CPU.ActiveCfg = Release|Any CPU
		{A5AB7D26-F057-443B-857B-C8EC538CE5C4}.Release|Any CPU.Build.0 = Release|Any CPU
		{8AE6E35A-A0D3-4F29-BEB2-0A860A50CDEF}.Debug|Any CPU.ActiveCfg = Debug|Any CPU
		{8AE6E35A-A0D3-4F29-BEB2-0A860A50CDEF}.Debug|Any CPU.Build.0 = Debug|Any CPU
		{8AE6E35A-A0D3-4F29-BEB2-0A860A50CDEF}.Release|Any CPU.ActiveCfg = Release|Any CPU
		{8AE6E35A-A0D3-4F29-BEB2-0A860A50CDEF}.Release|Any CPU.Build.0 = Release|Any CPU
		{6C746946-3318-4632-ABA1-066EE182E7EA}.Debug|Any CPU.ActiveCfg = Debug|Any CPU
		{6C746946-3318-4632-ABA1-066EE182E7EA}.Debug|Any CPU.Build.0 = Debug|Any CPU
		{6C746946-3318-4632-ABA1-066EE182E7EA}.Release|Any CPU.ActiveCfg = Release|Any CPU
		{6C746946-3318-4632-ABA1-066EE182E7EA}.Release|Any CPU.Build.0 = Release|Any CPU
	EndGlobalSection
	GlobalSection(SolutionProperties) = preSolution
		HideSolutionNode = FALSE
	EndGlobalSection
	GlobalSection(ExtensibilityGlobals) = postSolution
		SolutionGuid = {46AB3FA5-8F60-4C84-96B7-2A83E79CCFFF}
	EndGlobalSection
EndGlobal
